# THIS IS AN AUTOGENERATED FILE. DO NOT EDIT THIS FILE DIRECTLY.
# yarn lockfile v1


"@cspotcode/source-map-support@^0.8.0":
  version "0.8.1"
  resolved "https://registry.yarnpkg.com/@cspotcode/source-map-support/-/source-map-support-0.8.1.tgz#00629c35a688e05a88b1cda684fb9d5e73f000a1"
  integrity sha512-IchNf6dN4tHoMFIn/7OE8LWZ19Y6q/67Bmf6vnGREv8RSbBVb9LPJxEcnwrcwX6ixSvaiGoomAUvu4YSxXrVgw==
  dependencies:
    "@jridgewell/trace-mapping" "0.3.9"

"@jridgewell/resolve-uri@^3.0.3":
  version "3.1.0"
  resolved "https://registry.yarnpkg.com/@jridgewell/resolve-uri/-/resolve-uri-3.1.0.tgz#2203b118c157721addfe69d47b70465463066d78"
  integrity sha512-F2msla3tad+Mfht5cJq7LSXcdudKTWCVYUgw6pLFOOHSTtZlj6SWNYAp+AhuqLmWdBO2X5hPrLcu8cVP8fy28w==

"@jridgewell/sourcemap-codec@^1.4.10":
  version "1.4.14"
  resolved "https://registry.yarnpkg.com/@jridgewell/sourcemap-codec/-/sourcemap-codec-1.4.14.tgz#add4c98d341472a289190b424efbdb096991bb24"
  integrity sha512-XPSJHWmi394fuUuzDnGz1wiKqWfo1yXecHQMRf2l6hztTO+nPru658AyDngaBe7isIxEkRsPR3FZh+s7iVa4Uw==

"@jridgewell/trace-mapping@0.3.9":
  version "0.3.9"
  resolved "https://registry.yarnpkg.com/@jridgewell/trace-mapping/-/trace-mapping-0.3.9.tgz#6534fd5933a53ba7cbf3a17615e273a0d1273ff9"
  integrity sha512-3Belt6tdc8bPgAtbcmdtNJlirVoTmEb5e2gC94PnkwEW9jI6CAHUeoG85tjWP5WquqfavoMtMwiG4P926ZKKuQ==
  dependencies:
    "@jridgewell/resolve-uri" "^3.0.3"
    "@jridgewell/sourcemap-codec" "^1.4.10"

"@playwright/test@^1.23.0":
  version "1.23.0"
  resolved "https://registry.yarnpkg.com/@playwright/test/-/test-1.23.0.tgz#5d07ace37e1598a4a1a785b07856620b4e26fc43"
  integrity sha512-RPWI8AHBVBiDyfTuxi1BhOaY3yaVy3S5ZsGKkSGGeWpZtSgN4SerInCYvgh9+EunIAK4RJQo+bzupbAn5pVqHQ==
  dependencies:
    "@types/node" "*"
    playwright-core "1.23.0"

"@tsconfig/node10@^1.0.7":
  version "1.0.9"
  resolved "https://registry.yarnpkg.com/@tsconfig/node10/-/node10-1.0.9.tgz#df4907fc07a886922637b15e02d4cebc4c0021b2"
  integrity sha512-jNsYVVxU8v5g43Erja32laIDHXeoNvFEpX33OK4d6hljo3jDhCBDhx5dhCCTMWUojscpAagGiRkBKxpdl9fxqA==

"@tsconfig/node12@^1.0.7":
  version "1.0.11"
  resolved "https://registry.yarnpkg.com/@tsconfig/node12/-/node12-1.0.11.tgz#ee3def1f27d9ed66dac6e46a295cffb0152e058d"
  integrity sha512-cqefuRsh12pWyGsIoBKJA9luFu3mRxCA+ORZvA4ktLSzIuCUtWVxGIuXigEwO5/ywWFMZ2QEGKWvkZG1zDMTag==

"@tsconfig/node14@^1.0.0":
  version "1.0.3"
  resolved "https://registry.yarnpkg.com/@tsconfig/node14/-/node14-1.0.3.tgz#e4386316284f00b98435bf40f72f75a09dabf6c1"
  integrity sha512-ysT8mhdixWK6Hw3i1V2AeRqZ5WfXg1G43mqoYlM2nc6388Fq5jcXyr5mRsqViLx/GJYdoL0bfXD8nmF+Zn/Iow==

"@tsconfig/node16@^1.0.2":
  version "1.0.3"
  resolved "https://registry.yarnpkg.com/@tsconfig/node16/-/node16-1.0.3.tgz#472eaab5f15c1ffdd7f8628bd4c4f753995ec79e"
  integrity sha512-yOlFc+7UtL/89t2ZhjPvvB/DeAr3r+Dq58IgzsFkOAvVC6NMJXmCGjbptdXdR9qsX7pKcTL+s87FtYREi2dEEQ==

"@types/node@*":
  version "17.0.14"
  resolved "https://registry.yarnpkg.com/@types/node/-/node-17.0.14.tgz#33b9b94f789a8fedd30a68efdbca4dbb06b61f20"
  integrity sha512-SbjLmERksKOGzWzPNuW7fJM7fk3YXVTFiZWB/Hs99gwhk+/dnrQRPBQjPW9aO+fi1tAffi9PrwFvsmOKmDTyng==

acorn-walk@^8.1.1:
  version "8.2.0"
  resolved "https://registry.yarnpkg.com/acorn-walk/-/acorn-walk-8.2.0.tgz#741210f2e2426454508853a2f44d0ab83b7f69c1"
  integrity sha512-k+iyHEuPgSw6SbuDpGQM+06HQUa04DZ3o+F6CSzXMvvI5KMvnaEqXe+YVe555R9nn6GPt404fos4wcgpw12SDA==

acorn@^8.4.1:
  version "8.8.0"
  resolved "https://registry.yarnpkg.com/acorn/-/acorn-8.8.0.tgz#88c0187620435c7f6015803f5539dae05a9dbea8"
  integrity sha512-QOxyigPVrpZ2GXT+PFyZTl6TtOFc5egxHIP9IlQ+RbupQuX4RkT/Bee4/kQuC02Xkzg84JcT7oLYtDIQxp+v7w==

arg@^4.1.0:
  version "4.1.3"
  resolved "https://registry.yarnpkg.com/arg/-/arg-4.1.3.tgz#269fc7ad5b8e42cb63c896d5666017261c144089"
  integrity sha512-58S9QDqG0Xx27YwPSt9fJxivjYl432YCwfDMfZ+71RAqUrZef7LrKQZ3LHLOwCS4FLNBplP533Zx895SeOCHvA==

buffer-crc32@~0.2.3:
  version "0.2.13"
  resolved "https://registry.yarnpkg.com/buffer-crc32/-/buffer-crc32-0.2.13.tgz#0d333e3f00eac50aa1454abd30ef8c2a5d9a7242"
  integrity sha1-DTM+PwDqxQqhRUq9MO+MKl2ackI=

camel-case@^4.1.2:
  version "4.1.2"
  resolved "https://registry.yarnpkg.com/camel-case/-/camel-case-4.1.2.tgz#9728072a954f805228225a6deea6b38461e1bd5a"
  integrity sha512-gxGWBrTT1JuMx6R+o5PTXMmUnhnVzLQ9SNutD4YqKtI6ap897t3tKECYla6gCWEkplXnlNybEkZg9GEGxKFCgw==
  dependencies:
    pascal-case "^3.1.2"
    tslib "^2.0.3"

capital-case@^1.0.4:
  version "1.0.4"
  resolved "https://registry.yarnpkg.com/capital-case/-/capital-case-1.0.4.tgz#9d130292353c9249f6b00fa5852bee38a717e669"
  integrity sha512-ds37W8CytHgwnhGGTi88pcPyR15qoNkOpYwmMMfnWqqWgESapLqvDx6huFjQ5vqWSn2Z06173XNA7LtMOeUh1A==
  dependencies:
    no-case "^3.0.4"
    tslib "^2.0.3"
    upper-case-first "^2.0.2"

change-case@^4.1.2:
  version "4.1.2"
  resolved "https://registry.yarnpkg.com/change-case/-/change-case-4.1.2.tgz#fedfc5f136045e2398c0410ee441f95704641e12"
  integrity sha512-bSxY2ws9OtviILG1EiY5K7NNxkqg/JnRnFxLtKQ96JaviiIxi7djMrSd0ECT9AC+lttClmYwKw53BWpOMblo7A==
  dependencies:
    camel-case "^4.1.2"
    capital-case "^1.0.4"
    constant-case "^3.0.4"
    dot-case "^3.0.4"
    header-case "^2.0.4"
    no-case "^3.0.4"
    param-case "^3.0.4"
    pascal-case "^3.1.2"
    path-case "^3.0.4"
    sentence-case "^3.0.4"
    snake-case "^3.0.4"
    tslib "^2.0.3"

constant-case@^3.0.4:
  version "3.0.4"
  resolved "https://registry.yarnpkg.com/constant-case/-/constant-case-3.0.4.tgz#3b84a9aeaf4cf31ec45e6bf5de91bdfb0589faf1"
  integrity sha512-I2hSBi7Vvs7BEuJDr5dDHfzb/Ruj3FyvFyh7KLilAjNQw3Be+xgqUBA2W6scVEcL0hL1dwPRtIqEPVUCKkSsyQ==
  dependencies:
    no-case "^3.0.4"
    tslib "^2.0.3"
    upper-case "^2.0.2"

core-util-is@~1.0.0:
  version "1.0.3"
  resolved "https://registry.yarnpkg.com/core-util-is/-/core-util-is-1.0.3.tgz#a6042d3634c2b27e9328f837b965fac83808db85"
  integrity sha512-ZQBvi1DcpJ4GDqanjucZ2Hj3wEO5pZDS89BWbkcrvdxksJorwUDDZamX9ldFkp9aw2lmBDLgkObEA4DWNJ9FYQ==

create-require@^1.1.0:
  version "1.1.1"
  resolved "https://registry.yarnpkg.com/create-require/-/create-require-1.1.1.tgz#c1d7e8f1e5f6cfc9ff65f9cd352d37348756c333"
  integrity sha512-dcKFX3jn0MpIaXjisoRvexIJVEKzaq7z2rZKxf+MSr9TkdmHmsU4m2lcLojrj/FHl8mk5VxMmYA+ftRkP/3oKQ==

diff@^4.0.1:
  version "4.0.2"
  resolved "https://registry.yarnpkg.com/diff/-/diff-4.0.2.tgz#60f3aecb89d5fae520c11aa19efc2bb982aade7d"
  integrity sha512-58lmxKSA4BNyLz+HHMUzlOEpg09FV+ev6ZMe3vJihgdxzgcwZ8VoEEPmALCZG9LmqfVoNMMKpttIYTVG6uDY7A==

dot-case@^3.0.4:
  version "3.0.4"
  resolved "https://registry.yarnpkg.com/dot-case/-/dot-case-3.0.4.tgz#9b2b670d00a431667a8a75ba29cd1b98809ce751"
  integrity sha512-Kv5nKlh6yRrdrGvxeJ2e5y2eRUpkUosIW4A2AS38zwSz27zu7ufDwQPi5Jhs3XAlGNetl3bmnGhQsMtkKJnj3w==
  dependencies:
    no-case "^3.0.4"
    tslib "^2.0.3"

expect-playwright@^0.8.0:
  version "0.8.0"
  resolved "https://registry.yarnpkg.com/expect-playwright/-/expect-playwright-0.8.0.tgz#6d4ebe0bdbdd3c1693d880d97153b96a129ae4e8"
  integrity sha512-+kn8561vHAY+dt+0gMqqj1oY+g5xWrsuGMk4QGxotT2WS545nVqqjs37z6hrYfIuucwqthzwJfCJUEYqixyljg==

header-case@^2.0.4:
  version "2.0.4"
  resolved "https://registry.yarnpkg.com/header-case/-/header-case-2.0.4.tgz#5a42e63b55177349cf405beb8d775acabb92c063"
  integrity sha512-H/vuk5TEEVZwrR0lp2zed9OCo1uAILMlx0JEMgC26rzyJJ3N1v6XkwHHXJQdR2doSjcGPM6OKPYoJgf0plJ11Q==
  dependencies:
    capital-case "^1.0.4"
    tslib "^2.0.3"

immediate@~3.0.5:
  version "3.0.6"
  resolved "https://registry.yarnpkg.com/immediate/-/immediate-3.0.6.tgz#9db1dbd0faf8de6fbe0f5dd5e56bb606280de69b"
  integrity sha1-nbHb0Pr43m++D13V5Wu2BigN5ps=

inherits@~2.0.3:
  version "2.0.4"
  resolved "https://registry.yarnpkg.com/inherits/-/inherits-2.0.4.tgz#0fa2c64f932917c3433a0ded55363aae37416b7c"
  integrity sha512-k/vGaX4/Yla3WzyMCvTQOXYeIHvqOKtnqBduzTHpzpQZzAskKMhZ2K+EnBiSM9zGSoIFeMpXKxa4dYeZIQqewQ==

isarray@~1.0.0:
  version "1.0.0"
  resolved "https://registry.yarnpkg.com/isarray/-/isarray-1.0.0.tgz#bb935d48582cba168c06834957a54a3e07124f11"
  integrity sha1-u5NdSFgsuhaMBoNJV6VKPgcSTxE=

jszip@^3.7.1:
  version "3.9.1"
  resolved "https://registry.yarnpkg.com/jszip/-/jszip-3.9.1.tgz#784e87f328450d1e8151003a9c67733e2b901051"
  integrity sha512-H9A60xPqJ1CuC4Ka6qxzXZeU8aNmgOeP5IFqwJbQQwtu2EUYxota3LdsiZWplF7Wgd9tkAd0mdu36nceSaPuYw==
  dependencies:
    lie "~3.3.0"
    pako "~1.0.2"
    readable-stream "~2.3.6"
    set-immediate-shim "~1.0.1"

lie@~3.3.0:
  version "3.3.0"
  resolved "https://registry.yarnpkg.com/lie/-/lie-3.3.0.tgz#dcf82dee545f46074daf200c7c1c5a08e0f40f6a"
  integrity sha512-UaiMJzeWRlEujzAuw5LokY1L5ecNQYZKfmyZ9L7wDHb/p5etKaxXhohBcrw0EYby+G/NA52vRSN4N39dxHAIwQ==
  dependencies:
    immediate "~3.0.5"

lower-case@^2.0.2:
  version "2.0.2"
  resolved "https://registry.yarnpkg.com/lower-case/-/lower-case-2.0.2.tgz#6fa237c63dbdc4a82ca0fd882e4722dc5e634e28"
  integrity sha512-7fm3l3NAF9WfN6W3JOmf5drwpVqX78JtoGJ3A6W0a6ZnldM41w2fV5D490psKFTpMds8TJse/eHLFFsNHHjHgg==
  dependencies:
    tslib "^2.0.3"

make-error@^1.1.1:
  version "1.3.6"
  resolved "https://registry.yarnpkg.com/make-error/-/make-error-1.3.6.tgz#2eb2e37ea9b67c4891f684a1394799af484cf7a2"
  integrity sha512-s8UhlNe7vPKomQhC1qFelMokr/Sc3AgNbso3n74mVPA5LTZwkB9NlXf4XPamLxJE8h0gh73rM94xvwRT2CVInw==

no-case@^3.0.4:
  version "3.0.4"
  resolved "https://registry.yarnpkg.com/no-case/-/no-case-3.0.4.tgz#d361fd5c9800f558551a8369fc0dcd4662b6124d"
  integrity sha512-fgAN3jGAh+RoxUGZHTSOLJIqUc2wmoBwGR4tbpNAKmmovFoWq0OdRkb0VkldReO2a2iBT/OEulG9XSUc10r3zg==
  dependencies:
    lower-case "^2.0.2"
    tslib "^2.0.3"

pako@~1.0.2:
  version "1.0.11"
  resolved "https://registry.yarnpkg.com/pako/-/pako-1.0.11.tgz#6c9599d340d54dfd3946380252a35705a6b992bf"
  integrity sha512-4hLB8Py4zZce5s4yd9XzopqwVv/yGNhV1Bl8NTmCq1763HeK2+EwVTv+leGeL13Dnh2wfbqowVPXCIO0z4taYw==

param-case@^3.0.4:
  version "3.0.4"
  resolved "https://registry.yarnpkg.com/param-case/-/param-case-3.0.4.tgz#7d17fe4aa12bde34d4a77d91acfb6219caad01c5"
  integrity sha512-RXlj7zCYokReqWpOPH9oYivUzLYZ5vAPIfEmCTNViosC78F8F0H9y7T7gG2M39ymgutxF5gcFEsyZQSph9Bp3A==
  dependencies:
    dot-case "^3.0.4"
    tslib "^2.0.3"

pascal-case@^3.1.2:
  version "3.1.2"
  resolved "https://registry.yarnpkg.com/pascal-case/-/pascal-case-3.1.2.tgz#b48e0ef2b98e205e7c1dae747d0b1508237660eb"
  integrity sha512-uWlGT3YSnK9x3BQJaOdcZwrnV6hPpd8jFH1/ucpiLRPh/2zCVJKS19E4GvYHvaCcACn3foXZ0cLB9Wrx1KGe5g==
  dependencies:
    no-case "^3.0.4"
    tslib "^2.0.3"

path-case@^3.0.4:
  version "3.0.4"
  resolved "https://registry.yarnpkg.com/path-case/-/path-case-3.0.4.tgz#9168645334eb942658375c56f80b4c0cb5f82c6f"
  integrity sha512-qO4qCFjXqVTrcbPt/hQfhTQ+VhFsqNKOPtytgNKkKxSoEp3XPUQ8ObFuePylOIok5gjn69ry8XiULxCwot3Wfg==
  dependencies:
    dot-case "^3.0.4"
    tslib "^2.0.3"

playwright-core@1.23.0:
  version "1.23.0"
  resolved "https://registry.yarnpkg.com/playwright-core/-/playwright-core-1.23.0.tgz#51e24121b3a5bbe759d79738d8eff7a63156293c"
  integrity sha512-Zzhyr5RZGoJ1ek2sgfJCt2076kdOg8hnNwFBqAYeLySiutXyxSQk93vZ5gbnFiWV1sHvueCcwla9n35acUTxtA==

playwright-merge-html-reports@^0.2.3:
  version "0.2.3"
  resolved "https://registry.yarnpkg.com/playwright-merge-html-reports/-/playwright-merge-html-reports-0.2.3.tgz#4979c929f7a8fc7b5a5bb26ab5e99de488424ea4"
  integrity sha512-YDTTLfRannqy64tSElNQzoj1zDlHzx9zo5nLu0shBOI515CQxOMKyAKY+7Lfv7BRjxQcYOdNA3sPUpf4MwpM+Q==
  dependencies:
    jszip "^3.7.1"
    yazl "^2.5.1"

process-nextick-args@~2.0.0:
  version "2.0.1"
  resolved "https://registry.yarnpkg.com/process-nextick-args/-/process-nextick-args-2.0.1.tgz#7820d9b16120cc55ca9ae7792680ae7dba6d7fe2"
  integrity sha512-3ouUOpQhtgrbOa17J7+uxOTpITYWaGP7/AhoR3+A+/1e9skrzelGi/dXzEYyvbxubEF6Wn2ypscTKiKJFFn1ag==

readable-stream@~2.3.6:
  version "2.3.7"
  resolved "https://registry.yarnpkg.com/readable-stream/-/readable-stream-2.3.7.tgz#1eca1cf711aef814c04f62252a36a62f6cb23b57"
  integrity sha512-Ebho8K4jIbHAxnuxi7o42OrZgF/ZTNcsZj6nRKyUmkhLFq8CHItp/fy6hQZuZmP/n3yZ9VBUbp4zz/mX8hmYPw==
  dependencies:
    core-util-is "~1.0.0"
    inherits "~2.0.3"
    isarray "~1.0.0"
    process-nextick-args "~2.0.0"
    safe-buffer "~5.1.1"
    string_decoder "~1.1.1"
    util-deprecate "~1.0.1"

safe-buffer@~5.1.0, safe-buffer@~5.1.1:
  version "5.1.2"
  resolved "https://registry.yarnpkg.com/safe-buffer/-/safe-buffer-5.1.2.tgz#991ec69d296e0313747d59bdfd2b745c35f8828d"
  integrity sha512-Gd2UZBJDkXlY7GbJxfsE8/nvKkUEU1G38c1siN6QP6a9PT9MmHB8GnpscSmMJSoF8LOIrt8ud/wPtojys4G6+g==

sentence-case@^3.0.4:
  version "3.0.4"
  resolved "https://registry.yarnpkg.com/sentence-case/-/sentence-case-3.0.4.tgz#3645a7b8c117c787fde8702056225bb62a45131f"
  integrity sha512-8LS0JInaQMCRoQ7YUytAo/xUu5W2XnQxV2HI/6uM6U7CITS1RqPElr30V6uIqyMKM9lJGRVFy5/4CuzcixNYSg==
  dependencies:
    no-case "^3.0.4"
    tslib "^2.0.3"
    upper-case-first "^2.0.2"

set-immediate-shim@~1.0.1:
  version "1.0.1"
  resolved "https://registry.yarnpkg.com/set-immediate-shim/-/set-immediate-shim-1.0.1.tgz#4b2b1b27eb808a9f8dcc481a58e5e56f599f3f61"
  integrity sha1-SysbJ+uAip+NzEgaWOXlb1mfP2E=

slugify@^1.6.5:
  version "1.6.5"
  resolved "https://registry.yarnpkg.com/slugify/-/slugify-1.6.5.tgz#c8f5c072bf2135b80703589b39a3d41451fbe8c8"
  integrity sha512-8mo9bslnBO3tr5PEVFzMPIWwWnipGS0xVbYf65zxDqfNwmzYn1LpiKNrR6DlClusuvo+hDHd1zKpmfAe83NQSQ==

snake-case@^3.0.4:
  version "3.0.4"
  resolved "https://registry.yarnpkg.com/snake-case/-/snake-case-3.0.4.tgz#4f2bbd568e9935abdfd593f34c691dadb49c452c"
  integrity sha512-LAOh4z89bGQvl9pFfNF8V146i7o7/CqFPbqzYgP+yYzDIDeS9HaNFtXABamRW+AQzEVODcvE79ljJ+8a9YSdMg==
  dependencies:
    dot-case "^3.0.4"
    tslib "^2.0.3"

string_decoder@~1.1.1:
  version "1.1.1"
  resolved "https://registry.yarnpkg.com/string_decoder/-/string_decoder-1.1.1.tgz#9cf1611ba62685d7030ae9e4ba34149c3af03fc8"
  integrity sha512-n/ShnvDi6FHbbVfviro+WojiFzv+s8MPMHBczVePfUpDJLwoLT0ht1l4YwBCbi8pJAveEEdnkHyPyTP/mzRfwg==
  dependencies:
    safe-buffer "~5.1.0"

ts-node@^10.9.2:
  version "10.9.2"
  resolved "https://registry.yarnpkg.com/ts-node/-/ts-node-10.9.2.tgz#70f021c9e185bccdca820e26dc413805c101c71f"
  integrity sha512-f0FFpIdcHgn8zcPSbf1dRevwt047YMnaiJM3u2w2RewrB+fob/zePZcrOyQoLMMO7aBIddLcQIEK5dYjkLnGrQ==
  dependencies:
    "@cspotcode/source-map-support" "^0.8.0"
    "@tsconfig/node10" "^1.0.7"
    "@tsconfig/node12" "^1.0.7"
    "@tsconfig/node14" "^1.0.0"
    "@tsconfig/node16" "^1.0.2"
    acorn "^8.4.1"
    acorn-walk "^8.1.1"
    arg "^4.1.0"
    create-require "^1.1.0"
    diff "^4.0.1"
    make-error "^1.1.1"
    v8-compile-cache-lib "^3.0.1"
    yn "3.1.1"

tslib@^2.0.3:
  version "2.3.1"
  resolved "https://registry.yarnpkg.com/tslib/-/tslib-2.3.1.tgz#e8a335add5ceae51aa261d32a490158ef042ef01"
  integrity sha512-77EbyPPpMz+FRFRuAFlWMtmgUWGe9UOG2Z25NqCwiIjRhOf5iKGuzSe5P2w1laq+FkRy4p+PCuVkJSGkzTEKVw==

typescript@^5.3.3:
  version "5.3.3"
  resolved "https://registry.yarnpkg.com/typescript/-/typescript-5.3.3.tgz#b3ce6ba258e72e6305ba66f5c9b452aaee3ffe37"
  integrity sha512-pXWcraxM0uxAS+tN0AG/BF2TyqmHO014Z070UsJ+pFvYuRSq8KH8DmWpnbXe0pEPDHXZV3FcAbJkijJ5oNEnWw==

upper-case-first@^2.0.2:
  version "2.0.2"
  resolved "https://registry.yarnpkg.com/upper-case-first/-/upper-case-first-2.0.2.tgz#992c3273f882abd19d1e02894cc147117f844324"
  integrity sha512-514ppYHBaKwfJRK/pNC6c/OxfGa0obSnAl106u97Ed0I625Nin96KAjttZF6ZL3e1XLtphxnqrOi9iWgm+u+bg==
  dependencies:
    tslib "^2.0.3"

upper-case@^2.0.2:
  version "2.0.2"
  resolved "https://registry.yarnpkg.com/upper-case/-/upper-case-2.0.2.tgz#d89810823faab1df1549b7d97a76f8662bae6f7a"
  integrity sha512-KgdgDGJt2TpuwBUIjgG6lzw2GWFRCW9Qkfkiv0DxqHHLYJHmtmdUIKcZd8rHgFSjopVTlw6ggzCm1b8MFQwikg==
  dependencies:
    tslib "^2.0.3"

util-deprecate@~1.0.1:
  version "1.0.2"
  resolved "https://registry.yarnpkg.com/util-deprecate/-/util-deprecate-1.0.2.tgz#450d4dc9fa70de732762fbd2d4a28981419a0ccf"
  integrity sha1-RQ1Nyfpw3nMnYvvS1KKJgUGaDM8=

v8-compile-cache-lib@^3.0.1:
  version "3.0.1"
  resolved "https://registry.yarnpkg.com/v8-compile-cache-lib/-/v8-compile-cache-lib-3.0.1.tgz#6336e8d71965cb3d35a1bbb7868445a7c05264bf"
  integrity sha512-wa7YjyUGfNZngI/vtK0UHAN+lgDCxBPCylVXGp0zu59Fz5aiGtNXaq3DhIov063MorB+VfufLh3JlF2KdTK3xg==

yazl@^2.5.1:
  version "2.5.1"
  resolved "https://registry.yarnpkg.com/yazl/-/yazl-2.5.1.tgz#a3d65d3dd659a5b0937850e8609f22fffa2b5c35"
  integrity sha512-phENi2PLiHnHb6QBVot+dJnaAZ0xosj7p3fWl+znIjBDlnMI2PsZCJZ306BPTFOaHf5qdDEI8x5qFrSOBN5vrw==
  dependencies:
    buffer-crc32 "~0.2.3"

yn@3.1.1:
  version "3.1.1"
  resolved "https://registry.yarnpkg.com/yn/-/yn-3.1.1.tgz#1e87401a09d767c1d5eab26a6e4c185182d2eb50"
  integrity sha512-Ux4ygGWsu2c7isFWe8Yu1YluJmqVhxqK2cLXNQA5AcC3QfbGNpM7fu0Y8b/z16pXLnFxZYvWhd3fhBY9DLmC6Q==
